
Microsoft Visual Studio Solution File, Format Version 12.00
# Visual Studio 15
VisualStudioVersion = 15.0.27703.2026
MinimumVisualStudioVersion = 10.0.40219.1
Project("{8BC9CEB8-8B4A-11D0-8D11-00A0C91BC942}") = "_EXAMPLE", "Example\Example.vcxproj", "{D7F384E8-E41E-4666-9AAC-1909B27C295B}"
EndProject
Project("{8BC9CEB8-8B4A-11D0-8D11-00A0C91BC942}") = "510 SortPrime", "510 SortPrime\510 SortPrime.vcxproj", "{82051B7E-83B2-4B21-BFE8-C4F511D6B8CD}"
EndProject
<<<<<<< HEAD
Project("{8BC9CEB8-8B4A-11D0-8D11-00A0C91BC942}") = "2362 balmascat", "2362 balmascat\2362 balmascat.vcxproj", "{D5007F3E-81F5-4E04-8BD2-B2A68360C957}"
=======
Project("{8BC9CEB8-8B4A-11D0-8D11-00A0C91BC942}") = "360 cifra", "360 cifra\360 cifra.vcxproj", "{B928F9C1-F722-4117-8020-941281EBDB67}"
EndProject
Project("{8BC9CEB8-8B4A-11D0-8D11-00A0C91BC942}") = "388 Numarul Divizorilor Pari", "388 Numarul Divizorilor Pari\388 Numarul Divizorilor Pari.vcxproj", "{A95974B2-53E6-49ED-8212-CC7F2D859B3E}"
EndProject
Project("{8BC9CEB8-8B4A-11D0-8D11-00A0C91BC942}") = "45 VerifPrim", "45 VerifPrim\45 VerifPrim.vcxproj", "{B032ED4B-C994-4DFC-BE38-8615C8EF6387}"
EndProject
Project("{8BC9CEB8-8B4A-11D0-8D11-00A0C91BC942}") = "1568 MedieDiv", "1568 MedieDiv\1568 MedieDiv.vcxproj", "{E751DA24-F7F3-46CA-AB2F-A049B8EEF056}"
EndProject
Project("{8BC9CEB8-8B4A-11D0-8D11-00A0C91BC942}") = "408 Divizorii Oglinditului", "408 Divizorii Oglinditului\408 Divizorii Oglinditului.vcxproj", "{3443CF7C-B772-4E50-8A7A-3A8B067F86E4}"
EndProject
Project("{8BC9CEB8-8B4A-11D0-8D11-00A0C91BC942}") = "389 DivizoriPariInterval", "389 DivizoriPariInterval\389 DivizoriPariInterval.vcxproj", "{CF0DD4F5-D8DC-4864-A25A-C7C886A93FB1}"
EndProject
Project("{8BC9CEB8-8B4A-11D0-8D11-00A0C91BC942}") = "58 CMMDC", "58 CMMDC\58 CMMDC.vcxproj", "{29EDB590-0EE9-499B-9B70-544A3875FB0D}"
EndProject
Project("{8BC9CEB8-8B4A-11D0-8D11-00A0C91BC942}") = "387 Suma Divizorilor Impari", "387 Suma Divizorilor Impari\387 Suma Divizorilor Impari.vcxproj", "{3BBAD01A-2F0D-4CBD-8C6E-D17F4B4CD097}"
>>>>>>> 4aa2867dfe074399f4a88ae0377154dc0d0692a7
EndProject
Global
	GlobalSection(SolutionConfigurationPlatforms) = preSolution
		Debug|x64 = Debug|x64
		Debug|x86 = Debug|x86
		Release|x64 = Release|x64
		Release|x86 = Release|x86
	EndGlobalSection
	GlobalSection(ProjectConfigurationPlatforms) = postSolution
		{D7F384E8-E41E-4666-9AAC-1909B27C295B}.Debug|x64.ActiveCfg = Debug|x64
		{D7F384E8-E41E-4666-9AAC-1909B27C295B}.Debug|x64.Build.0 = Debug|x64
		{D7F384E8-E41E-4666-9AAC-1909B27C295B}.Debug|x86.ActiveCfg = Debug|Win32
		{D7F384E8-E41E-4666-9AAC-1909B27C295B}.Debug|x86.Build.0 = Debug|Win32
		{D7F384E8-E41E-4666-9AAC-1909B27C295B}.Release|x64.ActiveCfg = Release|x64
		{D7F384E8-E41E-4666-9AAC-1909B27C295B}.Release|x64.Build.0 = Release|x64
		{D7F384E8-E41E-4666-9AAC-1909B27C295B}.Release|x86.ActiveCfg = Release|Win32
		{D7F384E8-E41E-4666-9AAC-1909B27C295B}.Release|x86.Build.0 = Release|Win32
		{82051B7E-83B2-4B21-BFE8-C4F511D6B8CD}.Debug|x64.ActiveCfg = Debug|x64
		{82051B7E-83B2-4B21-BFE8-C4F511D6B8CD}.Debug|x64.Build.0 = Debug|x64
		{82051B7E-83B2-4B21-BFE8-C4F511D6B8CD}.Debug|x86.ActiveCfg = Debug|Win32
		{82051B7E-83B2-4B21-BFE8-C4F511D6B8CD}.Debug|x86.Build.0 = Debug|Win32
		{82051B7E-83B2-4B21-BFE8-C4F511D6B8CD}.Release|x64.ActiveCfg = Release|x64
		{82051B7E-83B2-4B21-BFE8-C4F511D6B8CD}.Release|x64.Build.0 = Release|x64
		{82051B7E-83B2-4B21-BFE8-C4F511D6B8CD}.Release|x86.ActiveCfg = Release|Win32
		{82051B7E-83B2-4B21-BFE8-C4F511D6B8CD}.Release|x86.Build.0 = Release|Win32
<<<<<<< HEAD
		{D5007F3E-81F5-4E04-8BD2-B2A68360C957}.Debug|x64.ActiveCfg = Debug|x64
		{D5007F3E-81F5-4E04-8BD2-B2A68360C957}.Debug|x64.Build.0 = Debug|x64
		{D5007F3E-81F5-4E04-8BD2-B2A68360C957}.Debug|x86.ActiveCfg = Debug|Win32
		{D5007F3E-81F5-4E04-8BD2-B2A68360C957}.Debug|x86.Build.0 = Debug|Win32
		{D5007F3E-81F5-4E04-8BD2-B2A68360C957}.Release|x64.ActiveCfg = Release|x64
		{D5007F3E-81F5-4E04-8BD2-B2A68360C957}.Release|x64.Build.0 = Release|x64
		{D5007F3E-81F5-4E04-8BD2-B2A68360C957}.Release|x86.ActiveCfg = Release|Win32
		{D5007F3E-81F5-4E04-8BD2-B2A68360C957}.Release|x86.Build.0 = Release|Win32
=======
		{B928F9C1-F722-4117-8020-941281EBDB67}.Debug|x64.ActiveCfg = Debug|x64
		{B928F9C1-F722-4117-8020-941281EBDB67}.Debug|x64.Build.0 = Debug|x64
		{B928F9C1-F722-4117-8020-941281EBDB67}.Debug|x86.ActiveCfg = Debug|Win32
		{B928F9C1-F722-4117-8020-941281EBDB67}.Debug|x86.Build.0 = Debug|Win32
		{B928F9C1-F722-4117-8020-941281EBDB67}.Release|x64.ActiveCfg = Release|x64
		{B928F9C1-F722-4117-8020-941281EBDB67}.Release|x64.Build.0 = Release|x64
		{B928F9C1-F722-4117-8020-941281EBDB67}.Release|x86.ActiveCfg = Release|Win32
		{B928F9C1-F722-4117-8020-941281EBDB67}.Release|x86.Build.0 = Release|Win32
		{A95974B2-53E6-49ED-8212-CC7F2D859B3E}.Debug|x64.ActiveCfg = Debug|x64
		{A95974B2-53E6-49ED-8212-CC7F2D859B3E}.Debug|x64.Build.0 = Debug|x64
		{A95974B2-53E6-49ED-8212-CC7F2D859B3E}.Debug|x86.ActiveCfg = Debug|Win32
		{A95974B2-53E6-49ED-8212-CC7F2D859B3E}.Debug|x86.Build.0 = Debug|Win32
		{A95974B2-53E6-49ED-8212-CC7F2D859B3E}.Release|x64.ActiveCfg = Release|x64
		{A95974B2-53E6-49ED-8212-CC7F2D859B3E}.Release|x64.Build.0 = Release|x64
		{A95974B2-53E6-49ED-8212-CC7F2D859B3E}.Release|x86.ActiveCfg = Release|Win32
		{A95974B2-53E6-49ED-8212-CC7F2D859B3E}.Release|x86.Build.0 = Release|Win32
		{B032ED4B-C994-4DFC-BE38-8615C8EF6387}.Debug|x64.ActiveCfg = Debug|x64
		{B032ED4B-C994-4DFC-BE38-8615C8EF6387}.Debug|x64.Build.0 = Debug|x64
		{B032ED4B-C994-4DFC-BE38-8615C8EF6387}.Debug|x86.ActiveCfg = Debug|Win32
		{B032ED4B-C994-4DFC-BE38-8615C8EF6387}.Debug|x86.Build.0 = Debug|Win32
		{B032ED4B-C994-4DFC-BE38-8615C8EF6387}.Release|x64.ActiveCfg = Release|x64
		{B032ED4B-C994-4DFC-BE38-8615C8EF6387}.Release|x64.Build.0 = Release|x64
		{B032ED4B-C994-4DFC-BE38-8615C8EF6387}.Release|x86.ActiveCfg = Release|Win32
		{B032ED4B-C994-4DFC-BE38-8615C8EF6387}.Release|x86.Build.0 = Release|Win32
		{E751DA24-F7F3-46CA-AB2F-A049B8EEF056}.Debug|x64.ActiveCfg = Debug|x64
		{E751DA24-F7F3-46CA-AB2F-A049B8EEF056}.Debug|x64.Build.0 = Debug|x64
		{E751DA24-F7F3-46CA-AB2F-A049B8EEF056}.Debug|x86.ActiveCfg = Debug|Win32
		{E751DA24-F7F3-46CA-AB2F-A049B8EEF056}.Debug|x86.Build.0 = Debug|Win32
		{E751DA24-F7F3-46CA-AB2F-A049B8EEF056}.Release|x64.ActiveCfg = Release|x64
		{E751DA24-F7F3-46CA-AB2F-A049B8EEF056}.Release|x64.Build.0 = Release|x64
		{E751DA24-F7F3-46CA-AB2F-A049B8EEF056}.Release|x86.ActiveCfg = Release|Win32
		{E751DA24-F7F3-46CA-AB2F-A049B8EEF056}.Release|x86.Build.0 = Release|Win32
		{3443CF7C-B772-4E50-8A7A-3A8B067F86E4}.Debug|x64.ActiveCfg = Debug|x64
		{3443CF7C-B772-4E50-8A7A-3A8B067F86E4}.Debug|x64.Build.0 = Debug|x64
		{3443CF7C-B772-4E50-8A7A-3A8B067F86E4}.Debug|x86.ActiveCfg = Debug|Win32
		{3443CF7C-B772-4E50-8A7A-3A8B067F86E4}.Debug|x86.Build.0 = Debug|Win32
		{3443CF7C-B772-4E50-8A7A-3A8B067F86E4}.Release|x64.ActiveCfg = Release|x64
		{3443CF7C-B772-4E50-8A7A-3A8B067F86E4}.Release|x64.Build.0 = Release|x64
		{3443CF7C-B772-4E50-8A7A-3A8B067F86E4}.Release|x86.ActiveCfg = Release|Win32
		{3443CF7C-B772-4E50-8A7A-3A8B067F86E4}.Release|x86.Build.0 = Release|Win32
		{CF0DD4F5-D8DC-4864-A25A-C7C886A93FB1}.Debug|x64.ActiveCfg = Debug|x64
		{CF0DD4F5-D8DC-4864-A25A-C7C886A93FB1}.Debug|x64.Build.0 = Debug|x64
		{CF0DD4F5-D8DC-4864-A25A-C7C886A93FB1}.Debug|x86.ActiveCfg = Debug|Win32
		{CF0DD4F5-D8DC-4864-A25A-C7C886A93FB1}.Debug|x86.Build.0 = Debug|Win32
		{CF0DD4F5-D8DC-4864-A25A-C7C886A93FB1}.Release|x64.ActiveCfg = Release|x64
		{CF0DD4F5-D8DC-4864-A25A-C7C886A93FB1}.Release|x64.Build.0 = Release|x64
		{CF0DD4F5-D8DC-4864-A25A-C7C886A93FB1}.Release|x86.ActiveCfg = Release|Win32
		{CF0DD4F5-D8DC-4864-A25A-C7C886A93FB1}.Release|x86.Build.0 = Release|Win32
		{29EDB590-0EE9-499B-9B70-544A3875FB0D}.Debug|x64.ActiveCfg = Debug|x64
		{29EDB590-0EE9-499B-9B70-544A3875FB0D}.Debug|x64.Build.0 = Debug|x64
		{29EDB590-0EE9-499B-9B70-544A3875FB0D}.Debug|x86.ActiveCfg = Debug|Win32
		{29EDB590-0EE9-499B-9B70-544A3875FB0D}.Debug|x86.Build.0 = Debug|Win32
		{29EDB590-0EE9-499B-9B70-544A3875FB0D}.Release|x64.ActiveCfg = Release|x64
		{29EDB590-0EE9-499B-9B70-544A3875FB0D}.Release|x64.Build.0 = Release|x64
		{29EDB590-0EE9-499B-9B70-544A3875FB0D}.Release|x86.ActiveCfg = Release|Win32
		{29EDB590-0EE9-499B-9B70-544A3875FB0D}.Release|x86.Build.0 = Release|Win32
		{3BBAD01A-2F0D-4CBD-8C6E-D17F4B4CD097}.Debug|x64.ActiveCfg = Debug|x64
		{3BBAD01A-2F0D-4CBD-8C6E-D17F4B4CD097}.Debug|x64.Build.0 = Debug|x64
		{3BBAD01A-2F0D-4CBD-8C6E-D17F4B4CD097}.Debug|x86.ActiveCfg = Debug|Win32
		{3BBAD01A-2F0D-4CBD-8C6E-D17F4B4CD097}.Debug|x86.Build.0 = Debug|Win32
		{3BBAD01A-2F0D-4CBD-8C6E-D17F4B4CD097}.Release|x64.ActiveCfg = Release|x64
		{3BBAD01A-2F0D-4CBD-8C6E-D17F4B4CD097}.Release|x64.Build.0 = Release|x64
		{3BBAD01A-2F0D-4CBD-8C6E-D17F4B4CD097}.Release|x86.ActiveCfg = Release|Win32
		{3BBAD01A-2F0D-4CBD-8C6E-D17F4B4CD097}.Release|x86.Build.0 = Release|Win32
>>>>>>> 4aa2867dfe074399f4a88ae0377154dc0d0692a7
	EndGlobalSection
	GlobalSection(SolutionProperties) = preSolution
		HideSolutionNode = FALSE
	EndGlobalSection
	GlobalSection(ExtensibilityGlobals) = postSolution
		SolutionGuid = {D4B9DC3B-6170-42AC-94C6-3A8B3508A216}
	EndGlobalSection
EndGlobal
